
Microsoft Visual Studio Solution File, Format Version 12.00
# Visual Studio Version 17
VisualStudioVersion = 17.9.34728.123
MinimumVisualStudioVersion = 10.0.40219.1
Project("{FAE04EC0-301F-11D3-BF4B-00C04F79EFBC}") = "napszak", "napszak.csproj", "{553A7C78-E718-4A78-B012-A0563F026F17}"
EndProject
Global
	GlobalSection(SolutionConfigurationPlatforms) = preSolution
		Debug|Any CPU = Debug|Any CPU
		Release|Any CPU = Release|Any CPU
	EndGlobalSection
	GlobalSection(ProjectConfigurationPlatforms) = postSolution
		{553A7C78-E718-4A78-B012-A0563F026F17}.Debug|Any CPU.ActiveCfg = Debug|Any CPU
		{553A7C78-E718-4A78-B012-A0563F026F17}.Debug|Any CPU.Build.0 = Debug|Any CPU
		{553A7C78-E718-4A78-B012-A0563F026F17}.Release|Any CPU.ActiveCfg = Release|Any CPU
		{553A7C78-E718-4A78-B012-A0563F026F17}.Release|Any CPU.Build.0 = Release|Any CPU
	EndGlobalSection
	GlobalSection(SolutionProperties) = preSolution
		HideSolutionNode = FALSE
	EndGlobalSection
	GlobalSection(ExtensibilityGlobals) = postSolution
		SolutionGuid = {BD3702DA-D75A-462A-B9DF-23B982F52AE8}
	EndGlobalSection
EndGlobal
